
Microsoft Visual Studio Solution File, Format Version 12.00
# Visual Studio Version 17
VisualStudioVersion = 17.8.34330.188
MinimumVisualStudioVersion = 10.0.40219.1
Project("{FAE04EC0-301F-11D3-BF4B-00C04F79EFBC}") = "TestTaskSibers_WebApp", "TestTaskSibers\TestTaskSibers_WebApp.csproj", "{82DC02B1-11E1-43E3-8C79-8846FAC170E7}"
EndProject
Project("{FAE04EC0-301F-11D3-BF4B-00C04F79EFBC}") = "TestTaskSibers_Model", "TestTastSibers_Model\TestTaskSibers_Model.csproj", "{AAC1C6DE-7D5C-4830-B548-B621E9863660}"
EndProject
Project("{FAE04EC0-301F-11D3-BF4B-00C04F79EFBC}") = "TestTaskSibers_Data", "TestTastSibers_Data\TestTaskSibers_Data.csproj", "{CADD64D1-AB3E-46CE-A241-2D33E74BA556}"
EndProject
Project("{FAE04EC0-301F-11D3-BF4B-00C04F79EFBC}") = "TestTaskSibers_TestingModel", "TestTaskSibers_TestingModel\TestTaskSibers_TestingModel.csproj", "{BB53CB9C-DA3A-4EEF-A459-81F454118A83}"
EndProject
Global
	GlobalSection(SolutionConfigurationPlatforms) = preSolution
		Debug|Any CPU = Debug|Any CPU
		Release|Any CPU = Release|Any CPU
	EndGlobalSection
	GlobalSection(ProjectConfigurationPlatforms) = postSolution
		{82DC02B1-11E1-43E3-8C79-8846FAC170E7}.Debug|Any CPU.ActiveCfg = Debug|Any CPU
		{82DC02B1-11E1-43E3-8C79-8846FAC170E7}.Debug|Any CPU.Build.0 = Debug|Any CPU
		{82DC02B1-11E1-43E3-8C79-8846FAC170E7}.Release|Any CPU.ActiveCfg = Release|Any CPU
		{82DC02B1-11E1-43E3-8C79-8846FAC170E7}.Release|Any CPU.Build.0 = Release|Any CPU
		{AAC1C6DE-7D5C-4830-B548-B621E9863660}.Debug|Any CPU.ActiveCfg = Debug|Any CPU
		{AAC1C6DE-7D5C-4830-B548-B621E9863660}.Debug|Any CPU.Build.0 = Debug|Any CPU
		{AAC1C6DE-7D5C-4830-B548-B621E9863660}.Release|Any CPU.ActiveCfg = Release|Any CPU
		{AAC1C6DE-7D5C-4830-B548-B621E9863660}.Release|Any CPU.Build.0 = Release|Any CPU
		{CADD64D1-AB3E-46CE-A241-2D33E74BA556}.Debug|Any CPU.ActiveCfg = Debug|Any CPU
		{CADD64D1-AB3E-46CE-A241-2D33E74BA556}.Debug|Any CPU.Build.0 = Debug|Any CPU
		{CADD64D1-AB3E-46CE-A241-2D33E74BA556}.Release|Any CPU.ActiveCfg = Release|Any CPU
		{CADD64D1-AB3E-46CE-A241-2D33E74BA556}.Release|Any CPU.Build.0 = Release|Any CPU
		{BB53CB9C-DA3A-4EEF-A459-81F454118A83}.Debug|Any CPU.ActiveCfg = Debug|Any CPU
		{BB53CB9C-DA3A-4EEF-A459-81F454118A83}.Debug|Any CPU.Build.0 = Debug|Any CPU
		{BB53CB9C-DA3A-4EEF-A459-81F454118A83}.Release|Any CPU.ActiveCfg = Release|Any CPU
		{BB53CB9C-DA3A-4EEF-A459-81F454118A83}.Release|Any CPU.Build.0 = Release|Any CPU
	EndGlobalSection
	GlobalSection(SolutionProperties) = preSolution
		HideSolutionNode = FALSE
	EndGlobalSection
	GlobalSection(ExtensibilityGlobals) = postSolution
		SolutionGuid = {4B86FE5D-0091-4A70-8CF5-420DADC2A186}
	EndGlobalSection
EndGlobal
